
Microsoft Visual Studio Solution File, Format Version 12.00
# Visual Studio Version 16
VisualStudioVersion = 25.0.1706.7
MinimumVisualStudioVersion = 10.0.40219.1
Project("{FAE04EC0-301F-11D3-BF4B-00C04F79EFBC}") = "MazeEscape", "MazeEscape\MazeEscape.csproj", "{F97F6CDF-6F4B-41AD-AF3F-E7C54EB42DF9}"
EndProject
Global
	GlobalSection(SolutionConfigurationPlatforms) = preSolution
		Debug|Any CPU = Debug|Any CPU
		Release|Any CPU = Release|Any CPU
	EndGlobalSection
	GlobalSection(ProjectConfigurationPlatforms) = postSolution
		{F97F6CDF-6F4B-41AD-AF3F-E7C54EB42DF9}.Debug|Any CPU.ActiveCfg = Debug|Any CPU
		{F97F6CDF-6F4B-41AD-AF3F-E7C54EB42DF9}.Debug|Any CPU.Build.0 = Debug|Any CPU
		{F97F6CDF-6F4B-41AD-AF3F-E7C54EB42DF9}.Release|Any CPU.ActiveCfg = Release|Any CPU
		{F97F6CDF-6F4B-41AD-AF3F-E7C54EB42DF9}.Release|Any CPU.Build.0 = Release|Any CPU
	EndGlobalSection
	GlobalSection(SolutionProperties) = preSolution
		HideSolutionNode = FALSE
	EndGlobalSection
	GlobalSection(ExtensibilityGlobals) = postSolution
		SolutionGuid = {86D80886-25F6-4348-A1D4-E15B3F9DCC86}
	EndGlobalSection
EndGlobal
