
Microsoft Visual Studio Solution File, Format Version 12.00
# Visual Studio Version 16
VisualStudioVersion = 25.0.1706.7
MinimumVisualStudioVersion = 10.0.40219.1
Project("{FAE04EC0-301F-11D3-BF4B-00C04F79EFBC}") = "CoffeeShop", "CoffeeShop\CoffeeShop.csproj", "{EC824F71-FDC7-4EE8-A560-BCFBE5AA72F8}"
EndProject
Global
	GlobalSection(SolutionConfigurationPlatforms) = preSolution
		Debug|Any CPU = Debug|Any CPU
		Release|Any CPU = Release|Any CPU
	EndGlobalSection
	GlobalSection(ProjectConfigurationPlatforms) = postSolution
		{EC824F71-FDC7-4EE8-A560-BCFBE5AA72F8}.Debug|Any CPU.ActiveCfg = Debug|Any CPU
		{EC824F71-FDC7-4EE8-A560-BCFBE5AA72F8}.Debug|Any CPU.Build.0 = Debug|Any CPU
		{EC824F71-FDC7-4EE8-A560-BCFBE5AA72F8}.Release|Any CPU.ActiveCfg = Release|Any CPU
		{EC824F71-FDC7-4EE8-A560-BCFBE5AA72F8}.Release|Any CPU.Build.0 = Release|Any CPU
	EndGlobalSection
	GlobalSection(SolutionProperties) = preSolution
		HideSolutionNode = FALSE
	EndGlobalSection
	GlobalSection(ExtensibilityGlobals) = postSolution
		SolutionGuid = {97E6CB30-872B-4909-9041-5E9573A888E6}
	EndGlobalSection
EndGlobal
